
Microsoft Visual Studio Solution File, Format Version 12.00
# Visual Studio Version 16
VisualStudioVersion = 16.0.30011.22
MinimumVisualStudioVersion = 10.0.40219.1
Project("{9A19103F-16F7-4668-BE54-9A1E7A4F7556}") = "HomeWork-1", "src\HomeWork-1\HomeWork-1.csproj", "{3AE2E48B-546F-44E5-92E4-06A2B6DD9495}"
EndProject
Project("{9A19103F-16F7-4668-BE54-9A1E7A4F7556}") = "HomeWork2", "src\HomeWork2\HomeWork2.csproj", "{9E39DE07-2E73-44B9-A133-82F0B88B1FF6}"
EndProject
Project("{FAE04EC0-301F-11D3-BF4B-00C04F79EFBC}") = "HomeWork3", "src\HomeWork3\HomeWork3.csproj", "{F761A4BE-C2BF-4654-836C-30311FB7EA5F}"
EndProject
Global
	GlobalSection(SolutionConfigurationPlatforms) = preSolution
		Debug|Any CPU = Debug|Any CPU
		Release|Any CPU = Release|Any CPU
	EndGlobalSection
	GlobalSection(ProjectConfigurationPlatforms) = postSolution
		{3AE2E48B-546F-44E5-92E4-06A2B6DD9495}.Debug|Any CPU.ActiveCfg = Debug|Any CPU
		{3AE2E48B-546F-44E5-92E4-06A2B6DD9495}.Debug|Any CPU.Build.0 = Debug|Any CPU
		{3AE2E48B-546F-44E5-92E4-06A2B6DD9495}.Release|Any CPU.ActiveCfg = Release|Any CPU
		{3AE2E48B-546F-44E5-92E4-06A2B6DD9495}.Release|Any CPU.Build.0 = Release|Any CPU
		{9E39DE07-2E73-44B9-A133-82F0B88B1FF6}.Debug|Any CPU.ActiveCfg = Debug|Any CPU
		{9E39DE07-2E73-44B9-A133-82F0B88B1FF6}.Debug|Any CPU.Build.0 = Debug|Any CPU
		{9E39DE07-2E73-44B9-A133-82F0B88B1FF6}.Release|Any CPU.ActiveCfg = Release|Any CPU
		{9E39DE07-2E73-44B9-A133-82F0B88B1FF6}.Release|Any CPU.Build.0 = Release|Any CPU
		{F761A4BE-C2BF-4654-836C-30311FB7EA5F}.Debug|Any CPU.ActiveCfg = Debug|Any CPU
		{F761A4BE-C2BF-4654-836C-30311FB7EA5F}.Debug|Any CPU.Build.0 = Debug|Any CPU
		{F761A4BE-C2BF-4654-836C-30311FB7EA5F}.Release|Any CPU.ActiveCfg = Release|Any CPU
		{F761A4BE-C2BF-4654-836C-30311FB7EA5F}.Release|Any CPU.Build.0 = Release|Any CPU
	EndGlobalSection
	GlobalSection(SolutionProperties) = preSolution
		HideSolutionNode = FALSE
	EndGlobalSection
	GlobalSection(ExtensibilityGlobals) = postSolution
		SolutionGuid = {A82E00E6-5622-455E-8041-C2023A0229BA}
	EndGlobalSection
EndGlobal
