
Microsoft Visual Studio Solution File, Format Version 12.00
# Visual Studio Version 16
VisualStudioVersion = 16.0.30011.22
MinimumVisualStudioVersion = 10.0.40219.1
Project("{9A19103F-16F7-4668-BE54-9A1E7A4F7556}") = "HomeWork-1", "HomeWork-1\HomeWork-1.csproj", "{463249A7-F7FE-40F2-A38A-11595E36B824}"
EndProject
Project("{9A19103F-16F7-4668-BE54-9A1E7A4F7556}") = "HomeWork -1(3)", "HomeWork -1(3)\HomeWork -1(3).csproj", "{A2D79039-32D5-4E1B-8197-22A8AF020EF1}"
EndProject
Project("{9A19103F-16F7-4668-BE54-9A1E7A4F7556}") = "HomeWork - 1(2)", "HomeWork - 1(2)\HomeWork - 1(2).csproj", "{B9AD01FD-7195-4C75-AE8A-F0FA62DAF911}"
EndProject
Global
	GlobalSection(SolutionConfigurationPlatforms) = preSolution
		Debug|Any CPU = Debug|Any CPU
		Release|Any CPU = Release|Any CPU
	EndGlobalSection
	GlobalSection(ProjectConfigurationPlatforms) = postSolution
		{463249A7-F7FE-40F2-A38A-11595E36B824}.Debug|Any CPU.ActiveCfg = Debug|Any CPU
		{463249A7-F7FE-40F2-A38A-11595E36B824}.Debug|Any CPU.Build.0 = Debug|Any CPU
		{463249A7-F7FE-40F2-A38A-11595E36B824}.Release|Any CPU.ActiveCfg = Release|Any CPU
		{463249A7-F7FE-40F2-A38A-11595E36B824}.Release|Any CPU.Build.0 = Release|Any CPU
		{A2D79039-32D5-4E1B-8197-22A8AF020EF1}.Debug|Any CPU.ActiveCfg = Debug|Any CPU
		{A2D79039-32D5-4E1B-8197-22A8AF020EF1}.Debug|Any CPU.Build.0 = Debug|Any CPU
		{A2D79039-32D5-4E1B-8197-22A8AF020EF1}.Release|Any CPU.ActiveCfg = Release|Any CPU
		{A2D79039-32D5-4E1B-8197-22A8AF020EF1}.Release|Any CPU.Build.0 = Release|Any CPU
		{B9AD01FD-7195-4C75-AE8A-F0FA62DAF911}.Debug|Any CPU.ActiveCfg = Debug|Any CPU
		{B9AD01FD-7195-4C75-AE8A-F0FA62DAF911}.Debug|Any CPU.Build.0 = Debug|Any CPU
		{B9AD01FD-7195-4C75-AE8A-F0FA62DAF911}.Release|Any CPU.ActiveCfg = Release|Any CPU
		{B9AD01FD-7195-4C75-AE8A-F0FA62DAF911}.Release|Any CPU.Build.0 = Release|Any CPU
	EndGlobalSection
	GlobalSection(SolutionProperties) = preSolution
		HideSolutionNode = FALSE
	EndGlobalSection
	GlobalSection(ExtensibilityGlobals) = postSolution
		SolutionGuid = {A82E00E6-5622-455E-8041-C2023A0229BA}
	EndGlobalSection
EndGlobal
